// !$*UTF8*$!
{
	archiveVersion = 1;
	classes = {
	};
	objectVersion = 46;
	objects = {

/* Begin PBXBuildFile section */
		4C069DA01BFB9A2700D516B7 /* AppDelegate.swift in Sources */ = {isa = PBXBuildFile; fileRef = 4C069D9F1BFB9A2700D516B7 /* AppDelegate.swift */; };
		4C069DA21BFB9A2700D516B7 /* ViewController.swift in Sources */ = {isa = PBXBuildFile; fileRef = 4C069DA11BFB9A2700D516B7 /* ViewController.swift */; };
		4C069DA51BFB9A2700D516B7 /* Main.storyboard in Resources */ = {isa = PBXBuildFile; fileRef = 4C069DA31BFB9A2700D516B7 /* Main.storyboard */; };
		4C069DA71BFB9A2700D516B7 /* Assets.xcassets in Resources */ = {isa = PBXBuildFile; fileRef = 4C069DA61BFB9A2700D516B7 /* Assets.xcassets */; };
		4C069DAA1BFB9A2700D516B7 /* LaunchScreen.storyboard in Resources */ = {isa = PBXBuildFile; fileRef = 4C069DA81BFB9A2700D516B7 /* LaunchScreen.storyboard */; };
/* End PBXBuildFile section */

/* Begin PBXFileReference section */
		4C069D9C1BFB9A2700D516B7 /* GlobalTime.app */ = {isa = PBXFileReference; explicitFileType = wrapper.application; includeInIndex = 0; path = GlobalTime.app; sourceTree = BUILT_PRODUCTS_DIR; };
		4C069D9F1BFB9A2700D516B7 /* AppDelegate.swift */ = {isa = PBXFileReference; lastKnownFileType = sourcecode.swift; path = AppDelegate.swift; sourceTree = "<group>"; };
		4C069DA11BFB9A2700D516B7 /* ViewController.swift */ = {isa = PBXFileReference; lastKnownFileType = sourcecode.swift; path = ViewController.swift; sourceTree = "<group>"; };
		4C069DA41BFB9A2700D516B7 /* Base */ = {isa = PBXFileReference; lastKnownFileType = file.storyboard; name = Base; path = Base.lproj/Main.storyboard; sourceTree = "<group>"; };
		4C069DA61BFB9A2700D516B7 /* Assets.xcassets */ = {isa = PBXFileReference; lastKnownFileType = folder.assetcatalog; path = Assets.xcassets; sourceTree = "<group>"; };
		4C069DA91BFB9A2700D516B7 /* Base */ = {isa = PBXFileReference; lastKnownFileType = file.storyboard; name = Base; path = Base.lproj/LaunchScreen.storyboard; sourceTree = "<group>"; };
		4C069DAB1BFB9A2700D516B7 /* Info.plist */ = {isa = PBXFileReference; lastKnownFileType = text.plist.xml; path = Info.plist; sourceTree = "<group>"; };
/* End PBXFileReference section */

/* Begin PBXFrameworksBuildPhase section */
		4C069D991BFB9A2700D516B7 /* Frameworks */ = {
			isa = PBXFrameworksBuildPhase;
			buildActionMask = 2147483647;
			files = (
			);
			runOnlyForDeploymentPostprocessing = 0;
		};
/* End PBXFrameworksBuildPhase section */

/* Begin PBXGroup section */
		4C069D931BFB9A2700D516B7 = {
			isa = PBXGroup;
			children = (
				4C069D9E1BFB9A2700D516B7 /* GlobalTime */,
				4C069D9D1BFB9A2700D516B7 /* Products */,
			);
			sourceTree = "<group>";
		};
		4C069D9D1BFB9A2700D516B7 /* Products */ = {
			isa = PBXGroup;
			children = (
				4C069D9C1BFB9A2700D516B7 /* GlobalTime.app */,
			);
			name = Products;
			sourceTree = "<group>";
		};
		4C069D9E1BFB9A2700D516B7 /* GlobalTime */ = {
			isa = PBXGroup;
			children = (
				4C069D9F1BFB9A2700D516B7 /* AppDelegate.swift */,
				4C069DA11BFB9A2700D516B7 /* ViewController.swift */,
				4C069DA31BFB9A2700D516B7 /* Main.storyboard */,
				4C069DA61BFB9A2700D516B7 /* Assets.xcassets */,
				4C069DA81BFB9A2700D516B7 /* LaunchScreen.storyboard */,
				4C069DAB1BFB9A2700D516B7 /* Info.plist */,
			);
			path = GlobalTime;
			sourceTree = "<group>";
		};
/* End PBXGroup section */

/* Begin PBXNativeTarget section */
		4C069D9B1BFB9A2700D516B7 /* GlobalTime */ = {
			isa = PBXNativeTarget;
			buildConfigurationList = 4C069DAE1BFB9A2700D516B7 /* Build configuration list for PBXNativeTarget "GlobalTime" */;
			buildPhases = (
				4C069D981BFB9A2700D516B7 /* Sources */,
				4C069D991BFB9A2700D516B7 /* Frameworks */,
				4C069D9A1BFB9A2700D516B7 /* Resources */,
			);
			buildRules = (
			);
			dependencies = (
			);
			name = GlobalTime;
			productName = GlobalTime;
			productReference = 4C069D9C1BFB9A2700D516B7 /* GlobalTime.app */;
			productType = "com.apple.product-type.application";
		};
/* End PBXNativeTarget section */

/* Begin PBXProject section */
		4C069D941BFB9A2700D516B7 /* Project object */ = {
			isa = PBXProject;
			attributes = {
				LastSwiftUpdateCheck = 0710;
				LastUpgradeCheck = 0710;
				ORGANIZATIONNAME = "The Iron Yard";
				TargetAttributes = {
					4C069D9B1BFB9A2700D516B7 = {
						CreatedOnToolsVersion = 7.1.1;
						DevelopmentTeam = 32355P55NQ;
					};
				};
			};
			buildConfigurationList = 4C069D971BFB9A2700D516B7 /* Build configuration list for PBXProject "GlobalTime" */;
			compatibilityVersion = "Xcode 3.2";
			developmentRegion = English;
			hasScannedForEncodings = 0;
			knownRegions = (
				en,
				Base,
			);
			mainGroup = 4C069D931BFB9A2700D516B7;
			productRefGroup = 4C069D9D1BFB9A2700D516B7 /* Products */;
			projectDirPath = "";
			projectRoot = "";
			targets = (
				4C069D9B1BFB9A2700D516B7 /* GlobalTime */,
			);
		};
/* End PBXProject section */

/* Begin PBXResourcesBuildPhase section */
		4C069D9A1BFB9A2700D516B7 /* Resources */ = {
			isa = PBXResourcesBuildPhase;
			buildActionMask = 2147483647;
			files = (
				4C069DAA1BFB9A2700D516B7 /* LaunchScreen.storyboard in Resources */,
				4C069DA71BFB9A2700D516B7 /* Assets.xcassets in Resources */,
				4C069DA51BFB9A2700D516B7 /* Main.storyboard in Resources */,
			);
			runOnlyForDeploymentPostprocessing = 0;
		};
/* End PBXResourcesBuildPhase section */

/* Begin PBXSourcesBuildPhase section */
		4C069D981BFB9A2700D516B7 /* Sources */ = {
			isa = PBXSourcesBuildPhase;
			buildActionMask = 2147483647;
			files = (
				4C069DA21BFB9A2700D516B7 /* ViewController.swift in Sources */,
				4C069DA01BFB9A2700D516B7 /* AppDelegate.swift in Sources */,
			);
			runOnlyForDeploymentPostprocessing = 0;
		};
/* End PBXSourcesBuildPhase section */

/* Begin PBXVariantGroup section */
		4C069DA31BFB9A2700D516B7 /* Main.storyboard */ = {
			isa = PBXVariantGroup;
			children = (
				4C069DA41BFB9A2700D516B7 /* Base */,
			);
			name = Main.storyboard;
			sourceTree = "<group>";
		};
		4C069DA81BFB9A2700D516B7 /* LaunchScreen.storyboard */ = {
			isa = PBXVariantGroup;
			children = (
				4C069DA91BFB9A2700D516B7 /* Base */,
			);
			name = LaunchScreen.storyboard;
			sourceTree = "<group>";
		};
/* End PBXVariantGroup section */

/* Begin XCBuildConfiguration section */
		4C069DAC1BFB9A2700D516B7 /* Debug */ = {
			isa = XCBuildConfiguration;
			buildSettings = {
				ALWAYS_SEARCH_USER_PATHS = NO;
				CLANG_CXX_LANGUAGE_STANDARD = "gnu++0x";
				CLANG_CXX_LIBRARY = "libc++";
				CLANG_ENABLE_MODULES = YES;
				CLANG_ENABLE_OBJC_ARC = YES;
				CLANG_WARN_BOOL_CONVERSION = YES;
				CLANG_WARN_CONSTANT_CONVERSION = YES;
				CLANG_WARN_DIRECT_OBJC_ISA_USAGE = YES_ERROR;
				CLANG_WARN_EMPTY_BODY = YES;
				CLANG_WARN_ENUM_CONVERSION = YES;
				CLANG_WARN_INT_CONVERSION = YES;
				CLANG_WARN_OBJC_ROOT_CLASS = YES_ERROR;
				CLANG_WARN_UNREACHABLE_CODE = YES;
				CLANG_WARN__DUPLICATE_METHOD_MATCH = YES;
				"CODE_SIGN_IDENTITY[sdk=iphoneos*]" = "iPhone Developer";
				COPY_PHASE_STRIP = NO;
				DEBUG_INFORMATION_FORMAT = dwarf;
				ENABLE_STRICT_OBJC_MSGSEND = YES;
				ENABLE_TESTABILITY = YES;
				GCC_C_LANGUAGE_STANDARD = gnu99;
				GCC_DYNAMIC_NO_PIC = NO;
				GCC_NO_COMMON_BLOCKS = YES;
				GCC_OPTIMIZATION_LEVEL = 0;
				GCC_PREPROCESSOR_DEFINITIONS = (
					"DEBUG=1",
					"$(inherited)",
				);
				GCC_WARN_64_TO_32_BIT_CONVERSION = YES;
				GCC_WARN_ABOUT_RETURN_TYPE = YES_ERROR;
				GCC_WARN_UNDECLARED_SELECTOR = YES;
				GCC_WARN_UNINITIALIZED_AUTOS = YES_AGGRESSIVE;
				GCC_WARN_UNUSED_FUNCTION = YES;
				GCC_WARN_UNUSED_VARIABLE = YES;
				IPHONEOS_DEPLOYMENT_TARGET = 9.1;
				MTL_ENABLE_DEBUG_INFO = YES;
				ONLY_ACTIVE_ARCH = YES;
				SDKROOT = iphoneos;
				SWIFT_OPTIMIZATION_LEVEL = "-Onone";
			};
			name = Debug;
		};
		4C069DAD1BFB9A2700D516B7 /* Release */ = {
			isa = XCBuildConfiguration;
			buildSettings = {
				ALWAYS_SEARCH_USER_PATHS = NO;
				CLANG_CXX_LANGUAGE_STANDARD = "gnu++0x";
				CLANG_CXX_LIBRARY = "libc++";
				CLANG_ENABLE_MODULES = YES;
				CLANG_ENABLE_OBJC_ARC = YES;
				CLANG_WARN_BOOL_CONVERSION = YES;
				CLANG_WARN_CONSTANT_CONVERSION = YES;
				CLANG_WARN_DIRECT_OBJC_ISA_USAGE = YES_ERROR;
				CLANG_WARN_EMPTY_BODY = YES;
				CLANG_WARN_ENUM_CONVERSION = YES;
				CLANG_WARN_INT_CONVERSION = YES;
				CLANG_WARN_OBJC_ROOT_CLASS = YES_ERROR;
				CLANG_WARN_UNREACHABLE_CODE = YES;
				CLANG_WARN__DUPLICATE_METHOD_MATCH = YES;
				"CODE_SIGN_IDENTITY[sdk=iphoneos*]" = "iPhone Developer";
				COPY_PHASE_STRIP = NO;
				DEBUG_INFORMATION_FORMAT = "dwarf-with-dsym";
				ENABLE_NS_ASSERTIONS = NO;
				ENABLE_STRICT_OBJC_MSGSEND = YES;
				GCC_C_LANGUAGE_STANDARD = gnu99;
				GCC_NO_COMMON_BLOCKS = YES;
				GCC_WARN_64_TO_32_BIT_CONVERSION = YES;
				GCC_WARN_ABOUT_RETURN_TYPE = YES_ERROR;
				GCC_WARN_UNDECLARED_SELECTOR = YES;
				GCC_WARN_UNINITIALIZED_AUTOS = YES_AGGRESSIVE;
				GCC_WARN_UNUSED_FUNCTION = YES;
				GCC_WARN_UNUSED_VARIABLE = YES;
				IPHONEOS_DEPLOYMENT_TARGET = 9.1;
				MTL_ENABLE_DEBUG_INFO = NO;
				SDKROOT = iphoneos;
				VALIDATE_PRODUCT = YES;
			};
			name = Release;
		};
		4C069DAF1BFB9A2700D516B7 /* Debug */ = {
			isa = XCBuildConfiguration;
			buildSettings = {
				ASSETCATALOG_COMPILER_APPICON_NAME = AppIcon;
				INFOPLIST_FILE = GlobalTime/Info.plist;
				LD_RUNPATH_SEARCH_PATHS = "$(inherited) @executable_path/Frameworks";
				PRODUCT_BUNDLE_IDENTIFIER = com.tiy.GlobalTime;
				PRODUCT_NAME = "$(TARGET_NAME)";
			};
			name = Debug;
		};
		4C069DB01BFB9A2700D516B7 /* Release */ = {
			isa = XCBuildConfiguration;
			buildSettings = {
				ASSETCATALOG_COMPILER_APPICON_NAME = AppIcon;
				INFOPLIST_FILE = GlobalTime/Info.plist;
				LD_RUNPATH_SEARCH_PATHS = "$(inherited) @executable_path/Frameworks";
				PRODUCT_BUNDLE_IDENTIFIER = com.tiy.GlobalTime;
				PRODUCT_NAME = "$(TARGET_NAME)";
			};
			name = Release;
		};
/* End XCBuildConfiguration section */

/* Begin XCConfigurationList section */
		4C069D971BFB9A2700D516B7 /* Build configuration list for PBXProject "GlobalTime" */ = {
			isa = XCConfigurationList;
			buildConfigurations = (
				4C069DAC1BFB9A2700D516B7 /* Debug */,
				4C069DAD1BFB9A2700D516B7 /* Release */,
			);
			defaultConfigurationIsVisible = 0;
			defaultConfigurationName = Release;
		};
		4C069DAE1BFB9A2700D516B7 /* Build configuration list for PBXNativeTarget "GlobalTime" */ = {
			isa = XCConfigurationList;
			buildConfigurations = (
				4C069DAF1BFB9A2700D516B7 /* Debug */,
				4C069DB01BFB9A2700D516B7 /* Release */,
			);
			defaultConfigurationIsVisible = 0;
		};
/* End XCConfigurationList section */
	};
	rootObject = 4C069D941BFB9A2700D516B7 /* Project object */;
}
