// !$*UTF8*$!
{
	archiveVersion = 1;
	classes = {
	};
	objectVersion = 46;
	objects = {

/* Begin PBXBuildFile section */
		4C01FD171BE015B0000BE416 /* AppDelegate.swift in Sources */ = {isa = PBXBuildFile; fileRef = 4C01FD161BE015B0000BE416 /* AppDelegate.swift */; };
		4C01FD191BE015B0000BE416 /* FriendListTableViewController.swift in Sources */ = {isa = PBXBuildFile; fileRef = 4C01FD181BE015B0000BE416 /* FriendListTableViewController.swift */; };
		4C01FD1E1BE015B0000BE416 /* Assets.xcassets in Resources */ = {isa = PBXBuildFile; fileRef = 4C01FD1D1BE015B0000BE416 /* Assets.xcassets */; };
		4C01FD211BE015B0000BE416 /* LaunchScreen.storyboard in Resources */ = {isa = PBXBuildFile; fileRef = 4C01FD1F1BE015B0000BE416 /* LaunchScreen.storyboard */; };
		4C01FD291BE01741000BE416 /* Friend.swift in Sources */ = {isa = PBXBuildFile; fileRef = 4C01FD281BE01741000BE416 /* Friend.swift */; settings = {ASSET_TAGS = (); }; };
		4C01FD2B1BE01C53000BE416 /* APIController.swift in Sources */ = {isa = PBXBuildFile; fileRef = 4C01FD2A1BE01C53000BE416 /* APIController.swift */; settings = {ASSET_TAGS = (); }; };
/* End PBXBuildFile section */

/* Begin PBXFileReference section */
		4C01FD131BE015AF000BE416 /* GitHub Friends.app */ = {isa = PBXFileReference; explicitFileType = wrapper.application; includeInIndex = 0; path = "GitHub Friends.app"; sourceTree = BUILT_PRODUCTS_DIR; };
		4C01FD161BE015B0000BE416 /* AppDelegate.swift */ = {isa = PBXFileReference; lastKnownFileType = sourcecode.swift; path = AppDelegate.swift; sourceTree = "<group>"; };
		4C01FD181BE015B0000BE416 /* FriendListTableViewController.swift */ = {isa = PBXFileReference; lastKnownFileType = sourcecode.swift; path = FriendListTableViewController.swift; sourceTree = "<group>"; };
		4C01FD1D1BE015B0000BE416 /* Assets.xcassets */ = {isa = PBXFileReference; lastKnownFileType = folder.assetcatalog; path = Assets.xcassets; sourceTree = "<group>"; };
		4C01FD201BE015B0000BE416 /* Base */ = {isa = PBXFileReference; lastKnownFileType = file.storyboard; name = Base; path = Base.lproj/LaunchScreen.storyboard; sourceTree = "<group>"; };
		4C01FD221BE015B0000BE416 /* Info.plist */ = {isa = PBXFileReference; lastKnownFileType = text.plist.xml; path = Info.plist; sourceTree = "<group>"; };
		4C01FD281BE01741000BE416 /* Friend.swift */ = {isa = PBXFileReference; fileEncoding = 4; lastKnownFileType = sourcecode.swift; path = Friend.swift; sourceTree = "<group>"; };
		4C01FD2A1BE01C53000BE416 /* APIController.swift */ = {isa = PBXFileReference; fileEncoding = 4; lastKnownFileType = sourcecode.swift; path = APIController.swift; sourceTree = "<group>"; };
/* End PBXFileReference section */

/* Begin PBXFrameworksBuildPhase section */
		4C01FD101BE015AF000BE416 /* Frameworks */ = {
			isa = PBXFrameworksBuildPhase;
			buildActionMask = 2147483647;
			files = (
			);
			runOnlyForDeploymentPostprocessing = 0;
		};
/* End PBXFrameworksBuildPhase section */

/* Begin PBXGroup section */
		4C01FD0A1BE015AF000BE416 = {
			isa = PBXGroup;
			children = (
				4C01FD151BE015AF000BE416 /* GitHub Friends */,
				4C01FD141BE015AF000BE416 /* Products */,
			);
			sourceTree = "<group>";
		};
		4C01FD141BE015AF000BE416 /* Products */ = {
			isa = PBXGroup;
			children = (
				4C01FD131BE015AF000BE416 /* GitHub Friends.app */,
			);
			name = Products;
			sourceTree = "<group>";
		};
		4C01FD151BE015AF000BE416 /* GitHub Friends */ = {
			isa = PBXGroup;
			children = (
				4C01FD161BE015B0000BE416 /* AppDelegate.swift */,
				4C01FD181BE015B0000BE416 /* FriendListTableViewController.swift */,
				4C01FD2A1BE01C53000BE416 /* APIController.swift */,
				4C01FD281BE01741000BE416 /* Friend.swift */,
				4C01FD1D1BE015B0000BE416 /* Assets.xcassets */,
				4C01FD1F1BE015B0000BE416 /* LaunchScreen.storyboard */,
				4C01FD221BE015B0000BE416 /* Info.plist */,
			);
			path = "GitHub Friends";
			sourceTree = "<group>";
		};
/* End PBXGroup section */

/* Begin PBXNativeTarget section */
		4C01FD121BE015AF000BE416 /* GitHub Friends */ = {
			isa = PBXNativeTarget;
			buildConfigurationList = 4C01FD251BE015B0000BE416 /* Build configuration list for PBXNativeTarget "GitHub Friends" */;
			buildPhases = (
				4C01FD0F1BE015AF000BE416 /* Sources */,
				4C01FD101BE015AF000BE416 /* Frameworks */,
				4C01FD111BE015AF000BE416 /* Resources */,
			);
			buildRules = (
			);
			dependencies = (
			);
			name = "GitHub Friends";
			productName = "GitHub Friends";
			productReference = 4C01FD131BE015AF000BE416 /* GitHub Friends.app */;
			productType = "com.apple.product-type.application";
		};
/* End PBXNativeTarget section */

/* Begin PBXProject section */
		4C01FD0B1BE015AF000BE416 /* Project object */ = {
			isa = PBXProject;
			attributes = {
				LastUpgradeCheck = 0700;
				ORGANIZATIONNAME = "The Iron Yard";
				TargetAttributes = {
					4C01FD121BE015AF000BE416 = {
						CreatedOnToolsVersion = 7.0.1;
					};
				};
			};
			buildConfigurationList = 4C01FD0E1BE015AF000BE416 /* Build configuration list for PBXProject "GitHub Friends" */;
			compatibilityVersion = "Xcode 3.2";
			developmentRegion = English;
			hasScannedForEncodings = 0;
			knownRegions = (
				en,
				Base,
			);
			mainGroup = 4C01FD0A1BE015AF000BE416;
			productRefGroup = 4C01FD141BE015AF000BE416 /* Products */;
			projectDirPath = "";
			projectRoot = "";
			targets = (
				4C01FD121BE015AF000BE416 /* GitHub Friends */,
			);
		};
/* End PBXProject section */

/* Begin PBXResourcesBuildPhase section */
		4C01FD111BE015AF000BE416 /* Resources */ = {
			isa = PBXResourcesBuildPhase;
			buildActionMask = 2147483647;
			files = (
				4C01FD211BE015B0000BE416 /* LaunchScreen.storyboard in Resources */,
				4C01FD1E1BE015B0000BE416 /* Assets.xcassets in Resources */,
			);
			runOnlyForDeploymentPostprocessing = 0;
		};
/* End PBXResourcesBuildPhase section */

/* Begin PBXSourcesBuildPhase section */
		4C01FD0F1BE015AF000BE416 /* Sources */ = {
			isa = PBXSourcesBuildPhase;
			buildActionMask = 2147483647;
			files = (
				4C01FD2B1BE01C53000BE416 /* APIController.swift in Sources */,
				4C01FD291BE01741000BE416 /* Friend.swift in Sources */,
				4C01FD191BE015B0000BE416 /* FriendListTableViewController.swift in Sources */,
				4C01FD171BE015B0000BE416 /* AppDelegate.swift in Sources */,
			);
			runOnlyForDeploymentPostprocessing = 0;
		};
/* End PBXSourcesBuildPhase section */

/* Begin PBXVariantGroup section */
		4C01FD1F1BE015B0000BE416 /* LaunchScreen.storyboard */ = {
			isa = PBXVariantGroup;
			children = (
				4C01FD201BE015B0000BE416 /* Base */,
			);
			name = LaunchScreen.storyboard;
			sourceTree = "<group>";
		};
/* End PBXVariantGroup section */

/* Begin XCBuildConfiguration section */
		4C01FD231BE015B0000BE416 /* Debug */ = {
			isa = XCBuildConfiguration;
			buildSettings = {
				ALWAYS_SEARCH_USER_PATHS = NO;
				CLANG_CXX_LANGUAGE_STANDARD = "gnu++0x";
				CLANG_CXX_LIBRARY = "libc++";
				CLANG_ENABLE_MODULES = YES;
				CLANG_ENABLE_OBJC_ARC = YES;
				CLANG_WARN_BOOL_CONVERSION = YES;
				CLANG_WARN_CONSTANT_CONVERSION = YES;
				CLANG_WARN_DIRECT_OBJC_ISA_USAGE = YES_ERROR;
				CLANG_WARN_EMPTY_BODY = YES;
				CLANG_WARN_ENUM_CONVERSION = YES;
				CLANG_WARN_INT_CONVERSION = YES;
				CLANG_WARN_OBJC_ROOT_CLASS = YES_ERROR;
				CLANG_WARN_UNREACHABLE_CODE = YES;
				CLANG_WARN__DUPLICATE_METHOD_MATCH = YES;
				"CODE_SIGN_IDENTITY[sdk=iphoneos*]" = "iPhone Developer";
				COPY_PHASE_STRIP = NO;
				DEBUG_INFORMATION_FORMAT = dwarf;
				ENABLE_STRICT_OBJC_MSGSEND = YES;
				ENABLE_TESTABILITY = YES;
				GCC_C_LANGUAGE_STANDARD = gnu99;
				GCC_DYNAMIC_NO_PIC = NO;
				GCC_NO_COMMON_BLOCKS = YES;
				GCC_OPTIMIZATION_LEVEL = 0;
				GCC_PREPROCESSOR_DEFINITIONS = (
					"DEBUG=1",
					"$(inherited)",
				);
				GCC_WARN_64_TO_32_BIT_CONVERSION = YES;
				GCC_WARN_ABOUT_RETURN_TYPE = YES_ERROR;
				GCC_WARN_UNDECLARED_SELECTOR = YES;
				GCC_WARN_UNINITIALIZED_AUTOS = YES_AGGRESSIVE;
				GCC_WARN_UNUSED_FUNCTION = YES;
				GCC_WARN_UNUSED_VARIABLE = YES;
				IPHONEOS_DEPLOYMENT_TARGET = 9.0;
				MTL_ENABLE_DEBUG_INFO = YES;
				ONLY_ACTIVE_ARCH = YES;
				SDKROOT = iphoneos;
				SWIFT_OPTIMIZATION_LEVEL = "-Onone";
			};
			name = Debug;
		};
		4C01FD241BE015B0000BE416 /* Release */ = {
			isa = XCBuildConfiguration;
			buildSettings = {
				ALWAYS_SEARCH_USER_PATHS = NO;
				CLANG_CXX_LANGUAGE_STANDARD = "gnu++0x";
				CLANG_CXX_LIBRARY = "libc++";
				CLANG_ENABLE_MODULES = YES;
				CLANG_ENABLE_OBJC_ARC = YES;
				CLANG_WARN_BOOL_CONVERSION = YES;
				CLANG_WARN_CONSTANT_CONVERSION = YES;
				CLANG_WARN_DIRECT_OBJC_ISA_USAGE = YES_ERROR;
				CLANG_WARN_EMPTY_BODY = YES;
				CLANG_WARN_ENUM_CONVERSION = YES;
				CLANG_WARN_INT_CONVERSION = YES;
				CLANG_WARN_OBJC_ROOT_CLASS = YES_ERROR;
				CLANG_WARN_UNREACHABLE_CODE = YES;
				CLANG_WARN__DUPLICATE_METHOD_MATCH = YES;
				"CODE_SIGN_IDENTITY[sdk=iphoneos*]" = "iPhone Developer";
				COPY_PHASE_STRIP = NO;
				DEBUG_INFORMATION_FORMAT = "dwarf-with-dsym";
				ENABLE_NS_ASSERTIONS = NO;
				ENABLE_STRICT_OBJC_MSGSEND = YES;
				GCC_C_LANGUAGE_STANDARD = gnu99;
				GCC_NO_COMMON_BLOCKS = YES;
				GCC_WARN_64_TO_32_BIT_CONVERSION = YES;
				GCC_WARN_ABOUT_RETURN_TYPE = YES_ERROR;
				GCC_WARN_UNDECLARED_SELECTOR = YES;
				GCC_WARN_UNINITIALIZED_AUTOS = YES_AGGRESSIVE;
				GCC_WARN_UNUSED_FUNCTION = YES;
				GCC_WARN_UNUSED_VARIABLE = YES;
				IPHONEOS_DEPLOYMENT_TARGET = 9.0;
				MTL_ENABLE_DEBUG_INFO = NO;
				SDKROOT = iphoneos;
				VALIDATE_PRODUCT = YES;
			};
			name = Release;
		};
		4C01FD261BE015B0000BE416 /* Debug */ = {
			isa = XCBuildConfiguration;
			buildSettings = {
				ASSETCATALOG_COMPILER_APPICON_NAME = AppIcon;
				INFOPLIST_FILE = "GitHub Friends/Info.plist";
				LD_RUNPATH_SEARCH_PATHS = "$(inherited) @executable_path/Frameworks";
				PRODUCT_BUNDLE_IDENTIFIER = "com.tiy.GitHub-Friends";
				PRODUCT_NAME = "$(TARGET_NAME)";
			};
			name = Debug;
		};
		4C01FD271BE015B0000BE416 /* Release */ = {
			isa = XCBuildConfiguration;
			buildSettings = {
				ASSETCATALOG_COMPILER_APPICON_NAME = AppIcon;
				INFOPLIST_FILE = "GitHub Friends/Info.plist";
				LD_RUNPATH_SEARCH_PATHS = "$(inherited) @executable_path/Frameworks";
				PRODUCT_BUNDLE_IDENTIFIER = "com.tiy.GitHub-Friends";
				PRODUCT_NAME = "$(TARGET_NAME)";
			};
			name = Release;
		};
/* End XCBuildConfiguration section */

/* Begin XCConfigurationList section */
		4C01FD0E1BE015AF000BE416 /* Build configuration list for PBXProject "GitHub Friends" */ = {
			isa = XCConfigurationList;
			buildConfigurations = (
				4C01FD231BE015B0000BE416 /* Debug */,
				4C01FD241BE015B0000BE416 /* Release */,
			);
			defaultConfigurationIsVisible = 0;
			defaultConfigurationName = Release;
		};
		4C01FD251BE015B0000BE416 /* Build configuration list for PBXNativeTarget "GitHub Friends" */ = {
			isa = XCConfigurationList;
			buildConfigurations = (
				4C01FD261BE015B0000BE416 /* Debug */,
				4C01FD271BE015B0000BE416 /* Release */,
			);
			defaultConfigurationIsVisible = 0;
		};
/* End XCConfigurationList section */
	};
	rootObject = 4C01FD0B1BE015AF000BE416 /* Project object */;
}
