// !$*UTF8*$!
{
	archiveVersion = 1;
	classes = {
	};
	objectVersion = 46;
	objects = {

/* Begin PBXBuildFile section */
		4C823FD31BF3BC6E0082B2EC /* main.m in Sources */ = {isa = PBXBuildFile; fileRef = 4C823FD21BF3BC6E0082B2EC /* main.m */; };
		4C823FD61BF3BC6E0082B2EC /* AppDelegate.m in Sources */ = {isa = PBXBuildFile; fileRef = 4C823FD51BF3BC6E0082B2EC /* AppDelegate.m */; };
		4C823FDC1BF3BC6E0082B2EC /* Main.storyboard in Resources */ = {isa = PBXBuildFile; fileRef = 4C823FDA1BF3BC6E0082B2EC /* Main.storyboard */; };
		4C823FDE1BF3BC6E0082B2EC /* Assets.xcassets in Resources */ = {isa = PBXBuildFile; fileRef = 4C823FDD1BF3BC6E0082B2EC /* Assets.xcassets */; };
		4C823FE11BF3BC6E0082B2EC /* LaunchScreen.storyboard in Resources */ = {isa = PBXBuildFile; fileRef = 4C823FDF1BF3BC6E0082B2EC /* LaunchScreen.storyboard */; };
		4C823FEA1BF3BE550082B2EC /* VoltageCalculatorTableViewController.m in Sources */ = {isa = PBXBuildFile; fileRef = 4C823FE91BF3BE550082B2EC /* VoltageCalculatorTableViewController.m */; };
		4C823FED1BF3BE700082B2EC /* ValuesTypesTableViewController.m in Sources */ = {isa = PBXBuildFile; fileRef = 4C823FEC1BF3BE700082B2EC /* ValuesTypesTableViewController.m */; };
		5DCDEE301BF3EAB2002C7EA1 /* ElectricityCell.m in Sources */ = {isa = PBXBuildFile; fileRef = 5DCDEE2F1BF3EAB2002C7EA1 /* ElectricityCell.m */; };
		5DCDEE331BF3EB03002C7EA1 /* Brain.m in Sources */ = {isa = PBXBuildFile; fileRef = 5DCDEE321BF3EB03002C7EA1 /* Brain.m */; };
/* End PBXBuildFile section */

/* Begin PBXFileReference section */
		4C823FCE1BF3BC6E0082B2EC /* HighVoltageObjectiveC.app */ = {isa = PBXFileReference; explicitFileType = wrapper.application; includeInIndex = 0; path = HighVoltageObjectiveC.app; sourceTree = BUILT_PRODUCTS_DIR; };
		4C823FD21BF3BC6E0082B2EC /* main.m */ = {isa = PBXFileReference; lastKnownFileType = sourcecode.c.objc; path = main.m; sourceTree = "<group>"; };
		4C823FD41BF3BC6E0082B2EC /* AppDelegate.h */ = {isa = PBXFileReference; lastKnownFileType = sourcecode.c.h; path = AppDelegate.h; sourceTree = "<group>"; };
		4C823FD51BF3BC6E0082B2EC /* AppDelegate.m */ = {isa = PBXFileReference; lastKnownFileType = sourcecode.c.objc; path = AppDelegate.m; sourceTree = "<group>"; };
		4C823FDB1BF3BC6E0082B2EC /* Base */ = {isa = PBXFileReference; lastKnownFileType = file.storyboard; name = Base; path = Base.lproj/Main.storyboard; sourceTree = "<group>"; };
		4C823FDD1BF3BC6E0082B2EC /* Assets.xcassets */ = {isa = PBXFileReference; lastKnownFileType = folder.assetcatalog; path = Assets.xcassets; sourceTree = "<group>"; };
		4C823FE01BF3BC6E0082B2EC /* Base */ = {isa = PBXFileReference; lastKnownFileType = file.storyboard; name = Base; path = Base.lproj/LaunchScreen.storyboard; sourceTree = "<group>"; };
		4C823FE21BF3BC6E0082B2EC /* Info.plist */ = {isa = PBXFileReference; lastKnownFileType = text.plist.xml; path = Info.plist; sourceTree = "<group>"; };
		4C823FE81BF3BE550082B2EC /* VoltageCalculatorTableViewController.h */ = {isa = PBXFileReference; fileEncoding = 4; lastKnownFileType = sourcecode.c.h; path = VoltageCalculatorTableViewController.h; sourceTree = "<group>"; };
		4C823FE91BF3BE550082B2EC /* VoltageCalculatorTableViewController.m */ = {isa = PBXFileReference; fileEncoding = 4; lastKnownFileType = sourcecode.c.objc; path = VoltageCalculatorTableViewController.m; sourceTree = "<group>"; };
		4C823FEB1BF3BE700082B2EC /* ValuesTypesTableViewController.h */ = {isa = PBXFileReference; fileEncoding = 4; lastKnownFileType = sourcecode.c.h; path = ValuesTypesTableViewController.h; sourceTree = "<group>"; };
		4C823FEC1BF3BE700082B2EC /* ValuesTypesTableViewController.m */ = {isa = PBXFileReference; fileEncoding = 4; lastKnownFileType = sourcecode.c.objc; path = ValuesTypesTableViewController.m; sourceTree = "<group>"; };
		5DCDEE2E1BF3EAB2002C7EA1 /* ElectricityCell.h */ = {isa = PBXFileReference; fileEncoding = 4; lastKnownFileType = sourcecode.c.h; path = ElectricityCell.h; sourceTree = "<group>"; };
		5DCDEE2F1BF3EAB2002C7EA1 /* ElectricityCell.m */ = {isa = PBXFileReference; fileEncoding = 4; lastKnownFileType = sourcecode.c.objc; path = ElectricityCell.m; sourceTree = "<group>"; };
		5DCDEE311BF3EB03002C7EA1 /* Brain.h */ = {isa = PBXFileReference; fileEncoding = 4; lastKnownFileType = sourcecode.c.h; path = Brain.h; sourceTree = "<group>"; };
		5DCDEE321BF3EB03002C7EA1 /* Brain.m */ = {isa = PBXFileReference; fileEncoding = 4; lastKnownFileType = sourcecode.c.objc; path = Brain.m; sourceTree = "<group>"; };
/* End PBXFileReference section */

/* Begin PBXFrameworksBuildPhase section */
		4C823FCB1BF3BC6E0082B2EC /* Frameworks */ = {
			isa = PBXFrameworksBuildPhase;
			buildActionMask = 2147483647;
			files = (
			);
			runOnlyForDeploymentPostprocessing = 0;
		};
/* End PBXFrameworksBuildPhase section */

/* Begin PBXGroup section */
		4C823FC51BF3BC6E0082B2EC = {
			isa = PBXGroup;
			children = (
				4C823FD01BF3BC6E0082B2EC /* HighVoltageObjectiveC */,
				4C823FCF1BF3BC6E0082B2EC /* Products */,
			);
			sourceTree = "<group>";
		};
		4C823FCF1BF3BC6E0082B2EC /* Products */ = {
			isa = PBXGroup;
			children = (
				4C823FCE1BF3BC6E0082B2EC /* HighVoltageObjectiveC.app */,
			);
			name = Products;
			sourceTree = "<group>";
		};
		4C823FD01BF3BC6E0082B2EC /* HighVoltageObjectiveC */ = {
			isa = PBXGroup;
			children = (
				4C823FE81BF3BE550082B2EC /* VoltageCalculatorTableViewController.h */,
				4C823FE91BF3BE550082B2EC /* VoltageCalculatorTableViewController.m */,
				4C823FEB1BF3BE700082B2EC /* ValuesTypesTableViewController.h */,
				4C823FEC1BF3BE700082B2EC /* ValuesTypesTableViewController.m */,
				4C823FDA1BF3BC6E0082B2EC /* Main.storyboard */,
				4C823FD11BF3BC6E0082B2EC /* Supporting Files */,
				5DCDEE351BF3EF6F002C7EA1 /* VoltageCalculatorCell */,
				5DCDEE341BF3EF4D002C7EA1 /* Brain */,
			);
			path = HighVoltageObjectiveC;
			sourceTree = "<group>";
		};
		4C823FD11BF3BC6E0082B2EC /* Supporting Files */ = {
			isa = PBXGroup;
			children = (
				4C823FD41BF3BC6E0082B2EC /* AppDelegate.h */,
				4C823FD51BF3BC6E0082B2EC /* AppDelegate.m */,
				4C823FDD1BF3BC6E0082B2EC /* Assets.xcassets */,
				4C823FDF1BF3BC6E0082B2EC /* LaunchScreen.storyboard */,
				4C823FE21BF3BC6E0082B2EC /* Info.plist */,
				4C823FD21BF3BC6E0082B2EC /* main.m */,
			);
			name = "Supporting Files";
			sourceTree = "<group>";
		};
		5DCDEE341BF3EF4D002C7EA1 /* Brain */ = {
			isa = PBXGroup;
			children = (
				5DCDEE311BF3EB03002C7EA1 /* Brain.h */,
				5DCDEE321BF3EB03002C7EA1 /* Brain.m */,
			);
			name = Brain;
			sourceTree = "<group>";
		};
		5DCDEE351BF3EF6F002C7EA1 /* VoltageCalculatorCell */ = {
			isa = PBXGroup;
			children = (
				5DCDEE2E1BF3EAB2002C7EA1 /* ElectricityCell.h */,
				5DCDEE2F1BF3EAB2002C7EA1 /* ElectricityCell.m */,
			);
			name = VoltageCalculatorCell;
			sourceTree = "<group>";
		};
/* End PBXGroup section */

/* Begin PBXNativeTarget section */
		4C823FCD1BF3BC6E0082B2EC /* HighVoltageObjectiveC */ = {
			isa = PBXNativeTarget;
			buildConfigurationList = 4C823FE51BF3BC6E0082B2EC /* Build configuration list for PBXNativeTarget "HighVoltageObjectiveC" */;
			buildPhases = (
				4C823FCA1BF3BC6E0082B2EC /* Sources */,
				4C823FCB1BF3BC6E0082B2EC /* Frameworks */,
				4C823FCC1BF3BC6E0082B2EC /* Resources */,
			);
			buildRules = (
			);
			dependencies = (
			);
			name = HighVoltageObjectiveC;
			productName = HighVoltageObjectiveC;
			productReference = 4C823FCE1BF3BC6E0082B2EC /* HighVoltageObjectiveC.app */;
			productType = "com.apple.product-type.application";
		};
/* End PBXNativeTarget section */

/* Begin PBXProject section */
		4C823FC61BF3BC6E0082B2EC /* Project object */ = {
			isa = PBXProject;
			attributes = {
				LastUpgradeCheck = 0710;
				ORGANIZATIONNAME = "The Iron Yard";
				TargetAttributes = {
					4C823FCD1BF3BC6E0082B2EC = {
						CreatedOnToolsVersion = 7.1;
						DevelopmentTeam = 32355P55NQ;
					};
				};
			};
			buildConfigurationList = 4C823FC91BF3BC6E0082B2EC /* Build configuration list for PBXProject "HighVoltageObjectiveC" */;
			compatibilityVersion = "Xcode 3.2";
			developmentRegion = English;
			hasScannedForEncodings = 0;
			knownRegions = (
				en,
				Base,
			);
			mainGroup = 4C823FC51BF3BC6E0082B2EC;
			productRefGroup = 4C823FCF1BF3BC6E0082B2EC /* Products */;
			projectDirPath = "";
			projectRoot = "";
			targets = (
				4C823FCD1BF3BC6E0082B2EC /* HighVoltageObjectiveC */,
			);
		};
/* End PBXProject section */

/* Begin PBXResourcesBuildPhase section */
		4C823FCC1BF3BC6E0082B2EC /* Resources */ = {
			isa = PBXResourcesBuildPhase;
			buildActionMask = 2147483647;
			files = (
				4C823FE11BF3BC6E0082B2EC /* LaunchScreen.storyboard in Resources */,
				4C823FDE1BF3BC6E0082B2EC /* Assets.xcassets in Resources */,
				4C823FDC1BF3BC6E0082B2EC /* Main.storyboard in Resources */,
			);
			runOnlyForDeploymentPostprocessing = 0;
		};
/* End PBXResourcesBuildPhase section */

/* Begin PBXSourcesBuildPhase section */
		4C823FCA1BF3BC6E0082B2EC /* Sources */ = {
			isa = PBXSourcesBuildPhase;
			buildActionMask = 2147483647;
			files = (
				5DCDEE331BF3EB03002C7EA1 /* Brain.m in Sources */,
				5DCDEE301BF3EAB2002C7EA1 /* ElectricityCell.m in Sources */,
				4C823FEA1BF3BE550082B2EC /* VoltageCalculatorTableViewController.m in Sources */,
				4C823FD61BF3BC6E0082B2EC /* AppDelegate.m in Sources */,
				4C823FED1BF3BE700082B2EC /* ValuesTypesTableViewController.m in Sources */,
				4C823FD31BF3BC6E0082B2EC /* main.m in Sources */,
			);
			runOnlyForDeploymentPostprocessing = 0;
		};
/* End PBXSourcesBuildPhase section */

/* Begin PBXVariantGroup section */
		4C823FDA1BF3BC6E0082B2EC /* Main.storyboard */ = {
			isa = PBXVariantGroup;
			children = (
				4C823FDB1BF3BC6E0082B2EC /* Base */,
			);
			name = Main.storyboard;
			sourceTree = "<group>";
		};
		4C823FDF1BF3BC6E0082B2EC /* LaunchScreen.storyboard */ = {
			isa = PBXVariantGroup;
			children = (
				4C823FE01BF3BC6E0082B2EC /* Base */,
			);
			name = LaunchScreen.storyboard;
			sourceTree = "<group>";
		};
/* End PBXVariantGroup section */

/* Begin XCBuildConfiguration section */
		4C823FE31BF3BC6E0082B2EC /* Debug */ = {
			isa = XCBuildConfiguration;
			buildSettings = {
				ALWAYS_SEARCH_USER_PATHS = NO;
				CLANG_CXX_LANGUAGE_STANDARD = "gnu++0x";
				CLANG_CXX_LIBRARY = "libc++";
				CLANG_ENABLE_MODULES = YES;
				CLANG_ENABLE_OBJC_ARC = YES;
				CLANG_WARN_BOOL_CONVERSION = YES;
				CLANG_WARN_CONSTANT_CONVERSION = YES;
				CLANG_WARN_DIRECT_OBJC_ISA_USAGE = YES_ERROR;
				CLANG_WARN_EMPTY_BODY = YES;
				CLANG_WARN_ENUM_CONVERSION = YES;
				CLANG_WARN_INT_CONVERSION = YES;
				CLANG_WARN_OBJC_ROOT_CLASS = YES_ERROR;
				CLANG_WARN_UNREACHABLE_CODE = YES;
				CLANG_WARN__DUPLICATE_METHOD_MATCH = YES;
				"CODE_SIGN_IDENTITY[sdk=iphoneos*]" = "iPhone Developer";
				COPY_PHASE_STRIP = NO;
				DEBUG_INFORMATION_FORMAT = dwarf;
				ENABLE_STRICT_OBJC_MSGSEND = YES;
				ENABLE_TESTABILITY = YES;
				GCC_C_LANGUAGE_STANDARD = gnu99;
				GCC_DYNAMIC_NO_PIC = NO;
				GCC_NO_COMMON_BLOCKS = YES;
				GCC_OPTIMIZATION_LEVEL = 0;
				GCC_PREPROCESSOR_DEFINITIONS = (
					"DEBUG=1",
					"$(inherited)",
				);
				GCC_WARN_64_TO_32_BIT_CONVERSION = YES;
				GCC_WARN_ABOUT_RETURN_TYPE = YES_ERROR;
				GCC_WARN_UNDECLARED_SELECTOR = YES;
				GCC_WARN_UNINITIALIZED_AUTOS = YES_AGGRESSIVE;
				GCC_WARN_UNUSED_FUNCTION = YES;
				GCC_WARN_UNUSED_VARIABLE = YES;
				IPHONEOS_DEPLOYMENT_TARGET = 9.1;
				MTL_ENABLE_DEBUG_INFO = YES;
				ONLY_ACTIVE_ARCH = YES;
				SDKROOT = iphoneos;
				TARGETED_DEVICE_FAMILY = "1,2";
			};
			name = Debug;
		};
		4C823FE41BF3BC6E0082B2EC /* Release */ = {
			isa = XCBuildConfiguration;
			buildSettings = {
				ALWAYS_SEARCH_USER_PATHS = NO;
				CLANG_CXX_LANGUAGE_STANDARD = "gnu++0x";
				CLANG_CXX_LIBRARY = "libc++";
				CLANG_ENABLE_MODULES = YES;
				CLANG_ENABLE_OBJC_ARC = YES;
				CLANG_WARN_BOOL_CONVERSION = YES;
				CLANG_WARN_CONSTANT_CONVERSION = YES;
				CLANG_WARN_DIRECT_OBJC_ISA_USAGE = YES_ERROR;
				CLANG_WARN_EMPTY_BODY = YES;
				CLANG_WARN_ENUM_CONVERSION = YES;
				CLANG_WARN_INT_CONVERSION = YES;
				CLANG_WARN_OBJC_ROOT_CLASS = YES_ERROR;
				CLANG_WARN_UNREACHABLE_CODE = YES;
				CLANG_WARN__DUPLICATE_METHOD_MATCH = YES;
				"CODE_SIGN_IDENTITY[sdk=iphoneos*]" = "iPhone Developer";
				COPY_PHASE_STRIP = NO;
				DEBUG_INFORMATION_FORMAT = "dwarf-with-dsym";
				ENABLE_NS_ASSERTIONS = NO;
				ENABLE_STRICT_OBJC_MSGSEND = YES;
				GCC_C_LANGUAGE_STANDARD = gnu99;
				GCC_NO_COMMON_BLOCKS = YES;
				GCC_WARN_64_TO_32_BIT_CONVERSION = YES;
				GCC_WARN_ABOUT_RETURN_TYPE = YES_ERROR;
				GCC_WARN_UNDECLARED_SELECTOR = YES;
				GCC_WARN_UNINITIALIZED_AUTOS = YES_AGGRESSIVE;
				GCC_WARN_UNUSED_FUNCTION = YES;
				GCC_WARN_UNUSED_VARIABLE = YES;
				IPHONEOS_DEPLOYMENT_TARGET = 9.1;
				MTL_ENABLE_DEBUG_INFO = NO;
				SDKROOT = iphoneos;
				TARGETED_DEVICE_FAMILY = "1,2";
				VALIDATE_PRODUCT = YES;
			};
			name = Release;
		};
		4C823FE61BF3BC6E0082B2EC /* Debug */ = {
			isa = XCBuildConfiguration;
			buildSettings = {
				ASSETCATALOG_COMPILER_APPICON_NAME = AppIcon;
				INFOPLIST_FILE = HighVoltageObjectiveC/Info.plist;
				LD_RUNPATH_SEARCH_PATHS = "$(inherited) @executable_path/Frameworks";
				PRODUCT_BUNDLE_IDENTIFIER = com.tiy.HighVoltageObjectiveC;
				PRODUCT_NAME = "$(TARGET_NAME)";
			};
			name = Debug;
		};
		4C823FE71BF3BC6E0082B2EC /* Release */ = {
			isa = XCBuildConfiguration;
			buildSettings = {
				ASSETCATALOG_COMPILER_APPICON_NAME = AppIcon;
				INFOPLIST_FILE = HighVoltageObjectiveC/Info.plist;
				LD_RUNPATH_SEARCH_PATHS = "$(inherited) @executable_path/Frameworks";
				PRODUCT_BUNDLE_IDENTIFIER = com.tiy.HighVoltageObjectiveC;
				PRODUCT_NAME = "$(TARGET_NAME)";
			};
			name = Release;
		};
/* End XCBuildConfiguration section */

/* Begin XCConfigurationList section */
		4C823FC91BF3BC6E0082B2EC /* Build configuration list for PBXProject "HighVoltageObjectiveC" */ = {
			isa = XCConfigurationList;
			buildConfigurations = (
				4C823FE31BF3BC6E0082B2EC /* Debug */,
				4C823FE41BF3BC6E0082B2EC /* Release */,
			);
			defaultConfigurationIsVisible = 0;
			defaultConfigurationName = Release;
		};
		4C823FE51BF3BC6E0082B2EC /* Build configuration list for PBXNativeTarget "HighVoltageObjectiveC" */ = {
			isa = XCConfigurationList;
			buildConfigurations = (
				4C823FE61BF3BC6E0082B2EC /* Debug */,
				4C823FE71BF3BC6E0082B2EC /* Release */,
			);
			defaultConfigurationIsVisible = 0;
			defaultConfigurationName = Release;
		};
/* End XCConfigurationList section */
	};
	rootObject = 4C823FC61BF3BC6E0082B2EC /* Project object */;
}
