// !$*UTF8*$!
{
	archiveVersion = 1;
	classes = {
	};
	objectVersion = 46;
	objects = {

/* Begin PBXBuildFile section */
		4C859F1D1C0B8D5400711F57 /* AppDelegate.swift in Sources */ = {isa = PBXBuildFile; fileRef = 4C859F1C1C0B8D5400711F57 /* AppDelegate.swift */; };
		4C859F1F1C0B8D5400711F57 /* ViewController.swift in Sources */ = {isa = PBXBuildFile; fileRef = 4C859F1E1C0B8D5400711F57 /* ViewController.swift */; };
		4C859F221C0B8D5400711F57 /* Main.storyboard in Resources */ = {isa = PBXBuildFile; fileRef = 4C859F201C0B8D5400711F57 /* Main.storyboard */; };
		4C859F251C0B8D5400711F57 /* VenueMenu.xcdatamodeld in Sources */ = {isa = PBXBuildFile; fileRef = 4C859F231C0B8D5400711F57 /* VenueMenu.xcdatamodeld */; };
		4C859F271C0B8D5400711F57 /* Assets.xcassets in Resources */ = {isa = PBXBuildFile; fileRef = 4C859F261C0B8D5400711F57 /* Assets.xcassets */; };
		4C859F2A1C0B8D5400711F57 /* LaunchScreen.storyboard in Resources */ = {isa = PBXBuildFile; fileRef = 4C859F281C0B8D5400711F57 /* LaunchScreen.storyboard */; };
		4C859F7A1C10D0F900711F57 /* whitesearch.png in Resources */ = {isa = PBXBuildFile; fileRef = 4C859F791C10D0F900711F57 /* whitesearch.png */; };
		4C859F7D1C10D37E00711F57 /* heart.png in Resources */ = {isa = PBXBuildFile; fileRef = 4C859F7B1C10D37E00711F57 /* heart.png */; };
		4C859F7E1C10D37E00711F57 /* filledheart.png in Resources */ = {isa = PBXBuildFile; fileRef = 4C859F7C1C10D37E00711F57 /* filledheart.png */; };
		4C859F821C10D69500711F57 /* SearchTableViewController.swift in Sources */ = {isa = PBXBuildFile; fileRef = 4C859F811C10D69500711F57 /* SearchTableViewController.swift */; };
		4C859F891C10D9E600711F57 /* Entity+CoreDataProperties.swift in Sources */ = {isa = PBXBuildFile; fileRef = 4C859F871C10D9E600711F57 /* Entity+CoreDataProperties.swift */; };
		4C859F8A1C10D9E600711F57 /* Entity.swift in Sources */ = {isa = PBXBuildFile; fileRef = 4C859F881C10D9E600711F57 /* Entity.swift */; };
		4C859F8C1C10DAE800711F57 /* APIController.swift in Sources */ = {isa = PBXBuildFile; fileRef = 4C859F8B1C10DAE800711F57 /* APIController.swift */; };
		4C859F8E1C10DAF600711F57 /* Extensions.swift in Sources */ = {isa = PBXBuildFile; fileRef = 4C859F8D1C10DAF600711F57 /* Extensions.swift */; };
		4C859F901C10DCA600711F57 /* Location.swift in Sources */ = {isa = PBXBuildFile; fileRef = 4C859F8F1C10DCA600711F57 /* Location.swift */; };
		4C859F921C10EE6F00711F57 /* LocationManager.swift in Sources */ = {isa = PBXBuildFile; fileRef = 4C859F911C10EE6F00711F57 /* LocationManager.swift */; };
/* End PBXBuildFile section */

/* Begin PBXFileReference section */
		4C859F191C0B8D5400711F57 /* VenueMenu.app */ = {isa = PBXFileReference; explicitFileType = wrapper.application; includeInIndex = 0; path = VenueMenu.app; sourceTree = BUILT_PRODUCTS_DIR; };
		4C859F1C1C0B8D5400711F57 /* AppDelegate.swift */ = {isa = PBXFileReference; lastKnownFileType = sourcecode.swift; path = AppDelegate.swift; sourceTree = "<group>"; };
		4C859F1E1C0B8D5400711F57 /* ViewController.swift */ = {isa = PBXFileReference; lastKnownFileType = sourcecode.swift; path = ViewController.swift; sourceTree = "<group>"; };
		4C859F211C0B8D5400711F57 /* Base */ = {isa = PBXFileReference; lastKnownFileType = file.storyboard; name = Base; path = Base.lproj/Main.storyboard; sourceTree = "<group>"; };
		4C859F241C0B8D5400711F57 /* VenueMenu.xcdatamodel */ = {isa = PBXFileReference; lastKnownFileType = wrapper.xcdatamodel; path = VenueMenu.xcdatamodel; sourceTree = "<group>"; };
		4C859F261C0B8D5400711F57 /* Assets.xcassets */ = {isa = PBXFileReference; lastKnownFileType = folder.assetcatalog; path = Assets.xcassets; sourceTree = "<group>"; };
		4C859F291C0B8D5400711F57 /* Base */ = {isa = PBXFileReference; lastKnownFileType = file.storyboard; name = Base; path = Base.lproj/LaunchScreen.storyboard; sourceTree = "<group>"; };
		4C859F2B1C0B8D5400711F57 /* Info.plist */ = {isa = PBXFileReference; lastKnownFileType = text.plist.xml; path = Info.plist; sourceTree = "<group>"; };
		4C859F791C10D0F900711F57 /* whitesearch.png */ = {isa = PBXFileReference; lastKnownFileType = image.png; path = whitesearch.png; sourceTree = "<group>"; };
		4C859F7B1C10D37E00711F57 /* heart.png */ = {isa = PBXFileReference; lastKnownFileType = image.png; path = heart.png; sourceTree = "<group>"; };
		4C859F7C1C10D37E00711F57 /* filledheart.png */ = {isa = PBXFileReference; lastKnownFileType = image.png; path = filledheart.png; sourceTree = "<group>"; };
		4C859F811C10D69500711F57 /* SearchTableViewController.swift */ = {isa = PBXFileReference; fileEncoding = 4; lastKnownFileType = sourcecode.swift; path = SearchTableViewController.swift; sourceTree = "<group>"; };
		4C859F871C10D9E600711F57 /* Entity+CoreDataProperties.swift */ = {isa = PBXFileReference; fileEncoding = 4; lastKnownFileType = sourcecode.swift; name = "Entity+CoreDataProperties.swift"; path = "../Entity+CoreDataProperties.swift"; sourceTree = "<group>"; };
		4C859F881C10D9E600711F57 /* Entity.swift */ = {isa = PBXFileReference; fileEncoding = 4; lastKnownFileType = sourcecode.swift; name = Entity.swift; path = ../Entity.swift; sourceTree = "<group>"; };
		4C859F8B1C10DAE800711F57 /* APIController.swift */ = {isa = PBXFileReference; fileEncoding = 4; lastKnownFileType = sourcecode.swift; path = APIController.swift; sourceTree = "<group>"; };
		4C859F8D1C10DAF600711F57 /* Extensions.swift */ = {isa = PBXFileReference; fileEncoding = 4; lastKnownFileType = sourcecode.swift; path = Extensions.swift; sourceTree = "<group>"; };
		4C859F8F1C10DCA600711F57 /* Location.swift */ = {isa = PBXFileReference; fileEncoding = 4; lastKnownFileType = sourcecode.swift; path = Location.swift; sourceTree = "<group>"; };
		4C859F911C10EE6F00711F57 /* LocationManager.swift */ = {isa = PBXFileReference; fileEncoding = 4; lastKnownFileType = sourcecode.swift; path = LocationManager.swift; sourceTree = "<group>"; };
/* End PBXFileReference section */

/* Begin PBXFrameworksBuildPhase section */
		4C859F161C0B8D5400711F57 /* Frameworks */ = {
			isa = PBXFrameworksBuildPhase;
			buildActionMask = 2147483647;
			files = (
			);
			runOnlyForDeploymentPostprocessing = 0;
		};
/* End PBXFrameworksBuildPhase section */

/* Begin PBXGroup section */
		4C859F101C0B8D5400711F57 = {
			isa = PBXGroup;
			children = (
				4C859F1B1C0B8D5400711F57 /* VenueMenu */,
				4C859F1A1C0B8D5400711F57 /* Products */,
			);
			sourceTree = "<group>";
		};
		4C859F1A1C0B8D5400711F57 /* Products */ = {
			isa = PBXGroup;
			children = (
				4C859F191C0B8D5400711F57 /* VenueMenu.app */,
			);
			name = Products;
			sourceTree = "<group>";
		};
		4C859F1B1C0B8D5400711F57 /* VenueMenu */ = {
			isa = PBXGroup;
			children = (
				4C859F1E1C0B8D5400711F57 /* ViewController.swift */,
				4C859F811C10D69500711F57 /* SearchTableViewController.swift */,
				4C859F8B1C10DAE800711F57 /* APIController.swift */,
				4C859F8F1C10DCA600711F57 /* Location.swift */,
				4C859F8D1C10DAF600711F57 /* Extensions.swift */,
				4C859F911C10EE6F00711F57 /* LocationManager.swift */,
				4C859F201C0B8D5400711F57 /* Main.storyboard */,
				4C859F801C10D61A00711F57 /* Extras */,
				4C859F7F1C10D38300711F57 /* Images */,
			);
			path = VenueMenu;
			sourceTree = "<group>";
		};
		4C859F7F1C10D38300711F57 /* Images */ = {
			isa = PBXGroup;
			children = (
				4C859F791C10D0F900711F57 /* whitesearch.png */,
				4C859F7B1C10D37E00711F57 /* heart.png */,
				4C859F7C1C10D37E00711F57 /* filledheart.png */,
			);
			name = Images;
			sourceTree = "<group>";
		};
		4C859F801C10D61A00711F57 /* Extras */ = {
			isa = PBXGroup;
			children = (
				4C859F871C10D9E600711F57 /* Entity+CoreDataProperties.swift */,
				4C859F881C10D9E600711F57 /* Entity.swift */,
				4C859F1C1C0B8D5400711F57 /* AppDelegate.swift */,
				4C859F261C0B8D5400711F57 /* Assets.xcassets */,
				4C859F281C0B8D5400711F57 /* LaunchScreen.storyboard */,
				4C859F2B1C0B8D5400711F57 /* Info.plist */,
				4C859F231C0B8D5400711F57 /* VenueMenu.xcdatamodeld */,
			);
			name = Extras;
			sourceTree = "<group>";
		};
/* End PBXGroup section */

/* Begin PBXNativeTarget section */
		4C859F181C0B8D5400711F57 /* VenueMenu */ = {
			isa = PBXNativeTarget;
			buildConfigurationList = 4C859F2E1C0B8D5400711F57 /* Build configuration list for PBXNativeTarget "VenueMenu" */;
			buildPhases = (
				4C859F151C0B8D5400711F57 /* Sources */,
				4C859F161C0B8D5400711F57 /* Frameworks */,
				4C859F171C0B8D5400711F57 /* Resources */,
			);
			buildRules = (
			);
			dependencies = (
			);
			name = VenueMenu;
			productName = VenueMenu;
			productReference = 4C859F191C0B8D5400711F57 /* VenueMenu.app */;
			productType = "com.apple.product-type.application";
		};
/* End PBXNativeTarget section */

/* Begin PBXProject section */
		4C859F111C0B8D5400711F57 /* Project object */ = {
			isa = PBXProject;
			attributes = {
				LastSwiftUpdateCheck = 0710;
				LastUpgradeCheck = 0710;
				ORGANIZATIONNAME = "The Iron Yard";
				TargetAttributes = {
					4C859F181C0B8D5400711F57 = {
						CreatedOnToolsVersion = 7.1.1;
						DevelopmentTeam = 32355P55NQ;
					};
				};
			};
			buildConfigurationList = 4C859F141C0B8D5400711F57 /* Build configuration list for PBXProject "VenueMenu" */;
			compatibilityVersion = "Xcode 3.2";
			developmentRegion = English;
			hasScannedForEncodings = 0;
			knownRegions = (
				en,
				Base,
			);
			mainGroup = 4C859F101C0B8D5400711F57;
			productRefGroup = 4C859F1A1C0B8D5400711F57 /* Products */;
			projectDirPath = "";
			projectRoot = "";
			targets = (
				4C859F181C0B8D5400711F57 /* VenueMenu */,
			);
		};
/* End PBXProject section */

/* Begin PBXResourcesBuildPhase section */
		4C859F171C0B8D5400711F57 /* Resources */ = {
			isa = PBXResourcesBuildPhase;
			buildActionMask = 2147483647;
			files = (
				4C859F2A1C0B8D5400711F57 /* LaunchScreen.storyboard in Resources */,
				4C859F7A1C10D0F900711F57 /* whitesearch.png in Resources */,
				4C859F7E1C10D37E00711F57 /* filledheart.png in Resources */,
				4C859F7D1C10D37E00711F57 /* heart.png in Resources */,
				4C859F271C0B8D5400711F57 /* Assets.xcassets in Resources */,
				4C859F221C0B8D5400711F57 /* Main.storyboard in Resources */,
			);
			runOnlyForDeploymentPostprocessing = 0;
		};
/* End PBXResourcesBuildPhase section */

/* Begin PBXSourcesBuildPhase section */
		4C859F151C0B8D5400711F57 /* Sources */ = {
			isa = PBXSourcesBuildPhase;
			buildActionMask = 2147483647;
			files = (
				4C859F8C1C10DAE800711F57 /* APIController.swift in Sources */,
				4C859F891C10D9E600711F57 /* Entity+CoreDataProperties.swift in Sources */,
				4C859F921C10EE6F00711F57 /* LocationManager.swift in Sources */,
				4C859F251C0B8D5400711F57 /* VenueMenu.xcdatamodeld in Sources */,
				4C859F8E1C10DAF600711F57 /* Extensions.swift in Sources */,
				4C859F901C10DCA600711F57 /* Location.swift in Sources */,
				4C859F8A1C10D9E600711F57 /* Entity.swift in Sources */,
				4C859F821C10D69500711F57 /* SearchTableViewController.swift in Sources */,
				4C859F1F1C0B8D5400711F57 /* ViewController.swift in Sources */,
				4C859F1D1C0B8D5400711F57 /* AppDelegate.swift in Sources */,
			);
			runOnlyForDeploymentPostprocessing = 0;
		};
/* End PBXSourcesBuildPhase section */

/* Begin PBXVariantGroup section */
		4C859F201C0B8D5400711F57 /* Main.storyboard */ = {
			isa = PBXVariantGroup;
			children = (
				4C859F211C0B8D5400711F57 /* Base */,
			);
			name = Main.storyboard;
			sourceTree = "<group>";
		};
		4C859F281C0B8D5400711F57 /* LaunchScreen.storyboard */ = {
			isa = PBXVariantGroup;
			children = (
				4C859F291C0B8D5400711F57 /* Base */,
			);
			name = LaunchScreen.storyboard;
			sourceTree = "<group>";
		};
/* End PBXVariantGroup section */

/* Begin XCBuildConfiguration section */
		4C859F2C1C0B8D5400711F57 /* Debug */ = {
			isa = XCBuildConfiguration;
			buildSettings = {
				ALWAYS_SEARCH_USER_PATHS = NO;
				CLANG_CXX_LANGUAGE_STANDARD = "gnu++0x";
				CLANG_CXX_LIBRARY = "libc++";
				CLANG_ENABLE_MODULES = YES;
				CLANG_ENABLE_OBJC_ARC = YES;
				CLANG_WARN_BOOL_CONVERSION = YES;
				CLANG_WARN_CONSTANT_CONVERSION = YES;
				CLANG_WARN_DIRECT_OBJC_ISA_USAGE = YES_ERROR;
				CLANG_WARN_EMPTY_BODY = YES;
				CLANG_WARN_ENUM_CONVERSION = YES;
				CLANG_WARN_INT_CONVERSION = YES;
				CLANG_WARN_OBJC_ROOT_CLASS = YES_ERROR;
				CLANG_WARN_UNREACHABLE_CODE = YES;
				CLANG_WARN__DUPLICATE_METHOD_MATCH = YES;
				"CODE_SIGN_IDENTITY[sdk=iphoneos*]" = "iPhone Developer";
				COPY_PHASE_STRIP = NO;
				DEBUG_INFORMATION_FORMAT = dwarf;
				ENABLE_STRICT_OBJC_MSGSEND = YES;
				ENABLE_TESTABILITY = YES;
				GCC_C_LANGUAGE_STANDARD = gnu99;
				GCC_DYNAMIC_NO_PIC = NO;
				GCC_NO_COMMON_BLOCKS = YES;
				GCC_OPTIMIZATION_LEVEL = 0;
				GCC_PREPROCESSOR_DEFINITIONS = (
					"DEBUG=1",
					"$(inherited)",
				);
				GCC_WARN_64_TO_32_BIT_CONVERSION = YES;
				GCC_WARN_ABOUT_RETURN_TYPE = YES_ERROR;
				GCC_WARN_UNDECLARED_SELECTOR = YES;
				GCC_WARN_UNINITIALIZED_AUTOS = YES_AGGRESSIVE;
				GCC_WARN_UNUSED_FUNCTION = YES;
				GCC_WARN_UNUSED_VARIABLE = YES;
				IPHONEOS_DEPLOYMENT_TARGET = 9.1;
				MTL_ENABLE_DEBUG_INFO = YES;
				ONLY_ACTIVE_ARCH = YES;
				SDKROOT = iphoneos;
				SWIFT_OPTIMIZATION_LEVEL = "-Onone";
			};
			name = Debug;
		};
		4C859F2D1C0B8D5400711F57 /* Release */ = {
			isa = XCBuildConfiguration;
			buildSettings = {
				ALWAYS_SEARCH_USER_PATHS = NO;
				CLANG_CXX_LANGUAGE_STANDARD = "gnu++0x";
				CLANG_CXX_LIBRARY = "libc++";
				CLANG_ENABLE_MODULES = YES;
				CLANG_ENABLE_OBJC_ARC = YES;
				CLANG_WARN_BOOL_CONVERSION = YES;
				CLANG_WARN_CONSTANT_CONVERSION = YES;
				CLANG_WARN_DIRECT_OBJC_ISA_USAGE = YES_ERROR;
				CLANG_WARN_EMPTY_BODY = YES;
				CLANG_WARN_ENUM_CONVERSION = YES;
				CLANG_WARN_INT_CONVERSION = YES;
				CLANG_WARN_OBJC_ROOT_CLASS = YES_ERROR;
				CLANG_WARN_UNREACHABLE_CODE = YES;
				CLANG_WARN__DUPLICATE_METHOD_MATCH = YES;
				"CODE_SIGN_IDENTITY[sdk=iphoneos*]" = "iPhone Developer";
				COPY_PHASE_STRIP = NO;
				DEBUG_INFORMATION_FORMAT = "dwarf-with-dsym";
				ENABLE_NS_ASSERTIONS = NO;
				ENABLE_STRICT_OBJC_MSGSEND = YES;
				GCC_C_LANGUAGE_STANDARD = gnu99;
				GCC_NO_COMMON_BLOCKS = YES;
				GCC_WARN_64_TO_32_BIT_CONVERSION = YES;
				GCC_WARN_ABOUT_RETURN_TYPE = YES_ERROR;
				GCC_WARN_UNDECLARED_SELECTOR = YES;
				GCC_WARN_UNINITIALIZED_AUTOS = YES_AGGRESSIVE;
				GCC_WARN_UNUSED_FUNCTION = YES;
				GCC_WARN_UNUSED_VARIABLE = YES;
				IPHONEOS_DEPLOYMENT_TARGET = 9.1;
				MTL_ENABLE_DEBUG_INFO = NO;
				SDKROOT = iphoneos;
				VALIDATE_PRODUCT = YES;
			};
			name = Release;
		};
		4C859F2F1C0B8D5400711F57 /* Debug */ = {
			isa = XCBuildConfiguration;
			buildSettings = {
				ASSETCATALOG_COMPILER_APPICON_NAME = AppIcon;
				INFOPLIST_FILE = VenueMenu/Info.plist;
				LD_RUNPATH_SEARCH_PATHS = "$(inherited) @executable_path/Frameworks";
				PRODUCT_BUNDLE_IDENTIFIER = com.tiy.VenueMenu3000;
				PRODUCT_NAME = "$(TARGET_NAME)";
			};
			name = Debug;
		};
		4C859F301C0B8D5400711F57 /* Release */ = {
			isa = XCBuildConfiguration;
			buildSettings = {
				ASSETCATALOG_COMPILER_APPICON_NAME = AppIcon;
				INFOPLIST_FILE = VenueMenu/Info.plist;
				LD_RUNPATH_SEARCH_PATHS = "$(inherited) @executable_path/Frameworks";
				PRODUCT_BUNDLE_IDENTIFIER = com.tiy.VenueMenu3000;
				PRODUCT_NAME = "$(TARGET_NAME)";
			};
			name = Release;
		};
/* End XCBuildConfiguration section */

/* Begin XCConfigurationList section */
		4C859F141C0B8D5400711F57 /* Build configuration list for PBXProject "VenueMenu" */ = {
			isa = XCConfigurationList;
			buildConfigurations = (
				4C859F2C1C0B8D5400711F57 /* Debug */,
				4C859F2D1C0B8D5400711F57 /* Release */,
			);
			defaultConfigurationIsVisible = 0;
			defaultConfigurationName = Release;
		};
		4C859F2E1C0B8D5400711F57 /* Build configuration list for PBXNativeTarget "VenueMenu" */ = {
			isa = XCConfigurationList;
			buildConfigurations = (
				4C859F2F1C0B8D5400711F57 /* Debug */,
				4C859F301C0B8D5400711F57 /* Release */,
			);
			defaultConfigurationIsVisible = 0;
			defaultConfigurationName = Release;
		};
/* End XCConfigurationList section */

/* Begin XCVersionGroup section */
		4C859F231C0B8D5400711F57 /* VenueMenu.xcdatamodeld */ = {
			isa = XCVersionGroup;
			children = (
				4C859F241C0B8D5400711F57 /* VenueMenu.xcdatamodel */,
			);
			currentVersion = 4C859F241C0B8D5400711F57 /* VenueMenu.xcdatamodel */;
			path = VenueMenu.xcdatamodeld;
			sourceTree = "<group>";
			versionGroupType = wrapper.xcdatamodel;
		};
/* End XCVersionGroup section */
	};
	rootObject = 4C859F111C0B8D5400711F57 /* Project object */;
}
